{
  "name": "player",
  "lockfileVersion": 2,
  "requires": true,
  "packages": {
    "": {
      "dependencies": {
        "node-wav-player": "^0.2.0"
      }
    },
    "node_modules/node-wav-player": {
      "version": "0.2.0",
      "resolved": "https://registry.npmjs.org/node-wav-player/-/node-wav-player-0.2.0.tgz",
      "integrity": "sha512-prtXKnjex7XciravRUC39Z+h1dBDxOwCc3TLvjqk+9Yi8dbH0T6c0Cb6u7lNAEe/8J3lX7JWFXXeBgO2krMX1Q=="
    }
  },
  "dependencies": {
    "node-wav-player": {
      "version": "0.2.0",
      "resolved": "https://registry.npmjs.org/node-wav-player/-/node-wav-player-0.2.0.tgz",
      "integrity": "sha512-prtXKnjex7XciravRUC39Z+h1dBDxOwCc3TLvjqk+9Yi8dbH0T6c0Cb6u7lNAEe/8J3lX7JWFXXeBgO2krMX1Q=="
    }
  }
}
